{
  "name": "ensync-websocket-client",
  "version": "0.1.0",
  "lockfileVersion": 3,
  "requires": true,
  "packages": {
    "": {
      "name": "ensync-websocket-client",
      "version": "0.1.0",
      "license": "ISC",
      "dependencies": {
        "ensync-utils": "^0.1.0",
        "ws": "^8.18.3"
      },
      "devDependencies": {
        "prettier": "^3.2.5"
      }
    },
    "../ensync-utils": {
      "version": "0.1.0",
      "license": "ISC",
      "dependencies": {
        "ed2curve": "^0.3.0",
        "tweetnacl": "^1.0.3",
        "tweetnacl-util": "^0.15.1"
      },
      "devDependencies": {
        "prettier": "^3.2.5"
      }
    },
    "../ensync-utils/node_modules/ed2curve": {
      "version": "0.3.0",
      "license": "Unlicense",
      "dependencies": {
        "tweetnacl": "1.x.x"
      }
    },
    "../ensync-utils/node_modules/prettier": {
      "version": "3.6.2",
      "dev": true,
      "license": "MIT",
      "bin": {
        "prettier": "bin/prettier.cjs"
      },
      "engines": {
        "node": ">=14"
      },
      "funding": {
        "url": "https://github.com/prettier/prettier?sponsor=1"
      }
    },
    "../ensync-utils/node_modules/tweetnacl": {
      "version": "1.0.3",
      "license": "Unlicense"
    },
    "../ensync-utils/node_modules/tweetnacl-util": {
      "version": "0.15.1",
      "license": "Unlicense"
    },
    "node_modules/ensync-utils": {
      "resolved": "../ensync-utils",
      "link": true
    },
    "node_modules/prettier": {
      "version": "3.6.2",
      "dev": true,
      "license": "MIT",
      "bin": {
        "prettier": "bin/prettier.cjs"
      },
      "engines": {
        "node": ">=14"
      },
      "funding": {
        "url": "https://github.com/prettier/prettier?sponsor=1"
      }
    },
    "node_modules/ws": {
      "version": "8.18.3",
      "license": "MIT",
      "engines": {
        "node": ">=10.0.0"
      },
      "peerDependencies": {
        "bufferutil": "^4.0.1",
        "utf-8-validate": ">=5.0.2"
      },
      "peerDependenciesMeta": {
        "bufferutil": {
          "optional": true
        },
        "utf-8-validate": {
          "optional": true
        }
      }
    }
  }
}
